
Microsoft Visual Studio Solution File, Format Version 12.00
# Visual Studio 15
VisualStudioVersion = 15.0.28010.2048
MinimumVisualStudioVersion = 10.0.40219.1
Project("{8BC9CEB8-8B4A-11D0-8D11-00A0C91BC942}") = "AsteroidsSFML", "AsteroidsSFML\AsteroidsSFML.vcxproj", "{068BC15C-138F-42C5-927E-A7EADFB54CBD}"
EndProject
Project("{FAE04EC0-301F-11D3-BF4B-00C04F79EFBC}") = "HighScores", "HighScores\HighScores.csproj", "{21D5262B-6B02-436D-B9BB-9FDD59ADA4D1}"
EndProject
Global
	GlobalSection(SolutionConfigurationPlatforms) = preSolution
		Debug|Any CPU = Debug|Any CPU
		Debug|x86 = Debug|x86
		Release|Any CPU = Release|Any CPU
		Release|x86 = Release|x86
	EndGlobalSection
	GlobalSection(ProjectConfigurationPlatforms) = postSolution
		{068BC15C-138F-42C5-927E-A7EADFB54CBD}.Debug|Any CPU.ActiveCfg = Debug|Win32
		{068BC15C-138F-42C5-927E-A7EADFB54CBD}.Debug|x86.ActiveCfg = Debug|Win32
		{068BC15C-138F-42C5-927E-A7EADFB54CBD}.Debug|x86.Build.0 = Debug|Win32
		{068BC15C-138F-42C5-927E-A7EADFB54CBD}.Release|Any CPU.ActiveCfg = Release|Win32
		{068BC15C-138F-42C5-927E-A7EADFB54CBD}.Release|x86.ActiveCfg = Release|Win32
		{068BC15C-138F-42C5-927E-A7EADFB54CBD}.Release|x86.Build.0 = Release|Win32
		{21D5262B-6B02-436D-B9BB-9FDD59ADA4D1}.Debug|Any CPU.ActiveCfg = Debug|Any CPU
		{21D5262B-6B02-436D-B9BB-9FDD59ADA4D1}.Debug|Any CPU.Build.0 = Debug|Any CPU
		{21D5262B-6B02-436D-B9BB-9FDD59ADA4D1}.Debug|x86.ActiveCfg = Debug|Any CPU
		{21D5262B-6B02-436D-B9BB-9FDD59ADA4D1}.Debug|x86.Build.0 = Debug|Any CPU
		{21D5262B-6B02-436D-B9BB-9FDD59ADA4D1}.Release|Any CPU.ActiveCfg = Release|Any CPU
		{21D5262B-6B02-436D-B9BB-9FDD59ADA4D1}.Release|Any CPU.Build.0 = Release|Any CPU
		{21D5262B-6B02-436D-B9BB-9FDD59ADA4D1}.Release|x86.ActiveCfg = Release|Any CPU
		{21D5262B-6B02-436D-B9BB-9FDD59ADA4D1}.Release|x86.Build.0 = Release|Any CPU
	EndGlobalSection
	GlobalSection(SolutionProperties) = preSolution
		HideSolutionNode = FALSE
	EndGlobalSection
	GlobalSection(ExtensibilityGlobals) = postSolution
		SolutionGuid = {55270C96-7720-47E0-BAF7-7402B86F1300}
	EndGlobalSection
EndGlobal
